
Microsoft Visual Studio Solution File, Format Version 12.00
# Visual Studio 15
VisualStudioVersion = 15.0.28307.168
MinimumVisualStudioVersion = 10.0.40219.1
Project("{8BC9CEB8-8B4A-11D0-8D11-00A0C91BC942}") = "Types of Functions and Returning", "Types of Functions and Returning\Types of Functions and Returning.vcxproj", "{C3850FD3-FA23-46A2-9ED0-38A42C01793E}"
EndProject
Global
	GlobalSection(SolutionConfigurationPlatforms) = preSolution
		Debug|x64 = Debug|x64
		Debug|x86 = Debug|x86
		Release|x64 = Release|x64
		Release|x86 = Release|x86
	EndGlobalSection
	GlobalSection(ProjectConfigurationPlatforms) = postSolution
		{C3850FD3-FA23-46A2-9ED0-38A42C01793E}.Debug|x64.ActiveCfg = Debug|x64
		{C3850FD3-FA23-46A2-9ED0-38A42C01793E}.Debug|x64.Build.0 = Debug|x64
		{C3850FD3-FA23-46A2-9ED0-38A42C01793E}.Debug|x86.ActiveCfg = Debug|Win32
		{C3850FD3-FA23-46A2-9ED0-38A42C01793E}.Debug|x86.Build.0 = Debug|Win32
		{C3850FD3-FA23-46A2-9ED0-38A42C01793E}.Release|x64.ActiveCfg = Release|x64
		{C3850FD3-FA23-46A2-9ED0-38A42C01793E}.Release|x64.Build.0 = Release|x64
		{C3850FD3-FA23-46A2-9ED0-38A42C01793E}.Release|x86.ActiveCfg = Release|Win32
		{C3850FD3-FA23-46A2-9ED0-38A42C01793E}.Release|x86.Build.0 = Release|Win32
	EndGlobalSection
	GlobalSection(SolutionProperties) = preSolution
		HideSolutionNode = FALSE
	EndGlobalSection
	GlobalSection(ExtensibilityGlobals) = postSolution
		SolutionGuid = {01D38515-E96F-4554-92B1-4DE6722FF581}
	EndGlobalSection
EndGlobal
